
Microsoft Visual Studio Solution File, Format Version 12.00
# Visual Studio Version 17
VisualStudioVersion = 17.3.32929.385
MinimumVisualStudioVersion = 10.0.40219.1
Project("{8BC9CEB8-8B4A-11D0-8D11-00A0C91BC942}") = "1149_RGB거리", "1149_RGB거리\1149_RGB거리.vcxproj", "{3BCF8E68-6AE9-4572-A0FD-AF1230052FD2}"
EndProject
Global
	GlobalSection(SolutionConfigurationPlatforms) = preSolution
		Debug|x64 = Debug|x64
		Debug|x86 = Debug|x86
		Release|x64 = Release|x64
		Release|x86 = Release|x86
	EndGlobalSection
	GlobalSection(ProjectConfigurationPlatforms) = postSolution
		{3BCF8E68-6AE9-4572-A0FD-AF1230052FD2}.Debug|x64.ActiveCfg = Debug|x64
		{3BCF8E68-6AE9-4572-A0FD-AF1230052FD2}.Debug|x64.Build.0 = Debug|x64
		{3BCF8E68-6AE9-4572-A0FD-AF1230052FD2}.Debug|x86.ActiveCfg = Debug|Win32
		{3BCF8E68-6AE9-4572-A0FD-AF1230052FD2}.Debug|x86.Build.0 = Debug|Win32
		{3BCF8E68-6AE9-4572-A0FD-AF1230052FD2}.Release|x64.ActiveCfg = Release|x64
		{3BCF8E68-6AE9-4572-A0FD-AF1230052FD2}.Release|x64.Build.0 = Release|x64
		{3BCF8E68-6AE9-4572-A0FD-AF1230052FD2}.Release|x86.ActiveCfg = Release|Win32
		{3BCF8E68-6AE9-4572-A0FD-AF1230052FD2}.Release|x86.Build.0 = Release|Win32
	EndGlobalSection
	GlobalSection(SolutionProperties) = preSolution
		HideSolutionNode = FALSE
	EndGlobalSection
	GlobalSection(ExtensibilityGlobals) = postSolution
		SolutionGuid = {26F172AF-0DBE-4277-9177-64A6B11D0000}
	EndGlobalSection
EndGlobal
